
Microsoft Visual Studio Solution File, Format Version 12.00
# Visual Studio Version 17
VisualStudioVersion = 17.4.33205.214
MinimumVisualStudioVersion = 10.0.40219.1
Project("{9A19103F-16F7-4668-BE54-9A1E7A4F7556}") = "YatishChaudhari", "YatishChaudhari\YatishChaudhari.csproj", "{88BFC794-CC2C-4529-AC01-E855047981A3}"
EndProject
Global
	GlobalSection(SolutionConfigurationPlatforms) = preSolution
		Debug|Any CPU = Debug|Any CPU
		Release|Any CPU = Release|Any CPU
	EndGlobalSection
	GlobalSection(ProjectConfigurationPlatforms) = postSolution
		{88BFC794-CC2C-4529-AC01-E855047981A3}.Debug|Any CPU.ActiveCfg = Debug|Any CPU
		{88BFC794-CC2C-4529-AC01-E855047981A3}.Debug|Any CPU.Build.0 = Debug|Any CPU
		{88BFC794-CC2C-4529-AC01-E855047981A3}.Release|Any CPU.ActiveCfg = Release|Any CPU
		{88BFC794-CC2C-4529-AC01-E855047981A3}.Release|Any CPU.Build.0 = Release|Any CPU
	EndGlobalSection
	GlobalSection(SolutionProperties) = preSolution
		HideSolutionNode = FALSE
	EndGlobalSection
	GlobalSection(ExtensibilityGlobals) = postSolution
		SolutionGuid = {B2CF3A7D-F2FB-4DF8-827D-7E450ED6287E}
	EndGlobalSection
EndGlobal
